# This file is automatically @generated by Cargo.
# It is not intended for manual editing.
version = 4

[[package]]
name = "sdock"
version = "0.1.0"

[[package]]
name = "sdock-linux-arm64"
version = "0.1.0"

[[package]]
name = "sdock-linux-x64"
version = "0.1.0"

[[package]]
name = "sdock-macos-arm64"
version = "0.1.0"

[[package]]
name = "sdock-tests"
version = "0.1.0"

[[package]]
name = "sdock-windows-arm64"
version = "0.1.0"

[[package]]
name = "sdock-windows-x64"
version = "0.1.0"
